// !$*UTF8*$!
{
	archiveVersion = 1;
	classes = {
	};
	objectVersion = 56;
	objects = {

/* Begin PBXBuildFile section */
		5E0BD5A72986353D001ED42D /* ViewModel.swift in Sources */ = {isa = PBXBuildFile; fileRef = 5E0BD5A62986353D001ED42D /* ViewModel.swift */; };
		5E0BD5AA298635F4001ED42D /* OpenAIKit in Frameworks */ = {isa = PBXBuildFile; productRef = 5E0BD5A9298635F4001ED42D /* OpenAIKit */; };
		5E0BD5AD29868397001ED42D /* CustomAlbum.swift in Sources */ = {isa = PBXBuildFile; fileRef = 5E0BD5AB29868397001ED42D /* CustomAlbum.swift */; };
		5E0BD5AE29868397001ED42D /* Error+.swift in Sources */ = {isa = PBXBuildFile; fileRef = 5E0BD5AC29868397001ED42D /* Error+.swift */; };
		5E0BD5B1298694D5001ED42D /* SplashScreenView.swift in Sources */ = {isa = PBXBuildFile; fileRef = 5E0BD5B0298694D5001ED42D /* SplashScreenView.swift */; };
		5EF6C8B32983EB200088DB19 /* DALL_E_2App.swift in Sources */ = {isa = PBXBuildFile; fileRef = 5EF6C8B22983EB200088DB19 /* DALL_E_2App.swift */; };
		5EF6C8B52983EB200088DB19 /* HomeView.swift in Sources */ = {isa = PBXBuildFile; fileRef = 5EF6C8B42983EB200088DB19 /* HomeView.swift */; };
		5EF6C8B72983EB210088DB19 /* Assets.xcassets in Resources */ = {isa = PBXBuildFile; fileRef = 5EF6C8B62983EB210088DB19 /* Assets.xcassets */; };
		5EF6C8BA2983EB210088DB19 /* Preview Assets.xcassets in Resources */ = {isa = PBXBuildFile; fileRef = 5EF6C8B92983EB210088DB19 /* Preview Assets.xcassets */; };
/* End PBXBuildFile section */

/* Begin PBXFileReference section */
		5E0BD5A62986353D001ED42D /* ViewModel.swift */ = {isa = PBXFileReference; lastKnownFileType = sourcecode.swift; path = ViewModel.swift; sourceTree = "<group>"; };
		5E0BD5AB29868397001ED42D /* CustomAlbum.swift */ = {isa = PBXFileReference; fileEncoding = 4; lastKnownFileType = sourcecode.swift; path = CustomAlbum.swift; sourceTree = "<group>"; };
		5E0BD5AC29868397001ED42D /* Error+.swift */ = {isa = PBXFileReference; fileEncoding = 4; lastKnownFileType = sourcecode.swift; path = "Error+.swift"; sourceTree = "<group>"; };
		5E0BD5B0298694D5001ED42D /* SplashScreenView.swift */ = {isa = PBXFileReference; lastKnownFileType = sourcecode.swift; path = SplashScreenView.swift; sourceTree = "<group>"; };
		5EF6C8AF2983EB200088DB19 /* DALL-E-2.app */ = {isa = PBXFileReference; explicitFileType = wrapper.application; includeInIndex = 0; path = "DALL-E-2.app"; sourceTree = BUILT_PRODUCTS_DIR; };
		5EF6C8B22983EB200088DB19 /* DALL_E_2App.swift */ = {isa = PBXFileReference; lastKnownFileType = sourcecode.swift; path = DALL_E_2App.swift; sourceTree = "<group>"; };
		5EF6C8B42983EB200088DB19 /* HomeView.swift */ = {isa = PBXFileReference; lastKnownFileType = sourcecode.swift; path = HomeView.swift; sourceTree = "<group>"; };
		5EF6C8B62983EB210088DB19 /* Assets.xcassets */ = {isa = PBXFileReference; lastKnownFileType = folder.assetcatalog; path = Assets.xcassets; sourceTree = "<group>"; };
		5EF6C8B92983EB210088DB19 /* Preview Assets.xcassets */ = {isa = PBXFileReference; lastKnownFileType = folder.assetcatalog; path = "Preview Assets.xcassets"; sourceTree = "<group>"; };
/* End PBXFileReference section */

/* Begin PBXFrameworksBuildPhase section */
		5EF6C8AC2983EB200088DB19 /* Frameworks */ = {
			isa = PBXFrameworksBuildPhase;
			buildActionMask = 2147483647;
			files = (
				5E0BD5AA298635F4001ED42D /* OpenAIKit in Frameworks */,
			);
			runOnlyForDeploymentPostprocessing = 0;
		};
/* End PBXFrameworksBuildPhase section */

/* Begin PBXGroup section */
		5E0BD5AF29868E16001ED42D /* SavePhoto */ = {
			isa = PBXGroup;
			children = (
				5E0BD5AC29868397001ED42D /* Error+.swift */,
				5E0BD5AB29868397001ED42D /* CustomAlbum.swift */,
			);
			path = SavePhoto;
			sourceTree = "<group>";
		};
		5EF6C8A62983EB200088DB19 = {
			isa = PBXGroup;
			children = (
				5EF6C8B12983EB200088DB19 /* DALL-E-2 */,
				5EF6C8B02983EB200088DB19 /* Products */,
			);
			sourceTree = "<group>";
		};
		5EF6C8B02983EB200088DB19 /* Products */ = {
			isa = PBXGroup;
			children = (
				5EF6C8AF2983EB200088DB19 /* DALL-E-2.app */,
			);
			name = Products;
			sourceTree = "<group>";
		};
		5EF6C8B12983EB200088DB19 /* DALL-E-2 */ = {
			isa = PBXGroup;
			children = (
				5E0BD5AF29868E16001ED42D /* SavePhoto */,
				5EF6C8C02983EB920088DB19 /* ViewModel */,
				5EF6C8B22983EB200088DB19 /* DALL_E_2App.swift */,
				5EF6C8B42983EB200088DB19 /* HomeView.swift */,
				5E0BD5B0298694D5001ED42D /* SplashScreenView.swift */,
				5EF6C8B62983EB210088DB19 /* Assets.xcassets */,
				5EF6C8B82983EB210088DB19 /* Preview Content */,
			);
			path = "DALL-E-2";
			sourceTree = "<group>";
		};
		5EF6C8B82983EB210088DB19 /* Preview Content */ = {
			isa = PBXGroup;
			children = (
				5EF6C8B92983EB210088DB19 /* Preview Assets.xcassets */,
			);
			path = "Preview Content";
			sourceTree = "<group>";
		};
		5EF6C8C02983EB920088DB19 /* ViewModel */ = {
			isa = PBXGroup;
			children = (
				5E0BD5A62986353D001ED42D /* ViewModel.swift */,
			);
			path = ViewModel;
			sourceTree = "<group>";
		};
/* End PBXGroup section */

/* Begin PBXNativeTarget section */
		5EF6C8AE2983EB200088DB19 /* DALL-E-2 */ = {
			isa = PBXNativeTarget;
			buildConfigurationList = 5EF6C8BD2983EB210088DB19 /* Build configuration list for PBXNativeTarget "DALL-E-2" */;
			buildPhases = (
				5EF6C8AB2983EB200088DB19 /* Sources */,
				5EF6C8AC2983EB200088DB19 /* Frameworks */,
				5EF6C8AD2983EB200088DB19 /* Resources */,
			);
			buildRules = (
			);
			dependencies = (
			);
			name = "DALL-E-2";
			packageProductDependencies = (
				5E0BD5A9298635F4001ED42D /* OpenAIKit */,
			);
			productName = "DALL-E-2";
			productReference = 5EF6C8AF2983EB200088DB19 /* DALL-E-2.app */;
			productType = "com.apple.product-type.application";
		};
/* End PBXNativeTarget section */

/* Begin PBXProject section */
		5EF6C8A72983EB200088DB19 /* Project object */ = {
			isa = PBXProject;
			attributes = {
				BuildIndependentTargetsInParallel = 1;
				LastSwiftUpdateCheck = 1400;
				LastUpgradeCheck = 1400;
				TargetAttributes = {
					5EF6C8AE2983EB200088DB19 = {
						CreatedOnToolsVersion = 14.0.1;
					};
				};
			};
			buildConfigurationList = 5EF6C8AA2983EB200088DB19 /* Build configuration list for PBXProject "DALL-E-2" */;
			compatibilityVersion = "Xcode 14.0";
			developmentRegion = en;
			hasScannedForEncodings = 0;
			knownRegions = (
				en,
				Base,
			);
			mainGroup = 5EF6C8A62983EB200088DB19;
			packageReferences = (
				5E0BD5A8298635F4001ED42D /* XCRemoteSwiftPackageReference "OpenAIKit" */,
			);
			productRefGroup = 5EF6C8B02983EB200088DB19 /* Products */;
			projectDirPath = "";
			projectRoot = "";
			targets = (
				5EF6C8AE2983EB200088DB19 /* DALL-E-2 */,
			);
		};
/* End PBXProject section */

/* Begin PBXResourcesBuildPhase section */
		5EF6C8AD2983EB200088DB19 /* Resources */ = {
			isa = PBXResourcesBuildPhase;
			buildActionMask = 2147483647;
			files = (
				5EF6C8BA2983EB210088DB19 /* Preview Assets.xcassets in Resources */,
				5EF6C8B72983EB210088DB19 /* Assets.xcassets in Resources */,
			);
			runOnlyForDeploymentPostprocessing = 0;
		};
/* End PBXResourcesBuildPhase section */

/* Begin PBXSourcesBuildPhase section */
		5EF6C8AB2983EB200088DB19 /* Sources */ = {
			isa = PBXSourcesBuildPhase;
			buildActionMask = 2147483647;
			files = (
				5E0BD5AD29868397001ED42D /* CustomAlbum.swift in Sources */,
				5E0BD5AE29868397001ED42D /* Error+.swift in Sources */,
				5EF6C8B52983EB200088DB19 /* HomeView.swift in Sources */,
				5E0BD5A72986353D001ED42D /* ViewModel.swift in Sources */,
				5EF6C8B32983EB200088DB19 /* DALL_E_2App.swift in Sources */,
				5E0BD5B1298694D5001ED42D /* SplashScreenView.swift in Sources */,
			);
			runOnlyForDeploymentPostprocessing = 0;
		};
/* End PBXSourcesBuildPhase section */

/* Begin XCBuildConfiguration section */
		5EF6C8BB2983EB210088DB19 /* Debug */ = {
			isa = XCBuildConfiguration;
			buildSettings = {
				ALWAYS_SEARCH_USER_PATHS = NO;
				CLANG_ANALYZER_NONNULL = YES;
				CLANG_ANALYZER_NUMBER_OBJECT_CONVERSION = YES_AGGRESSIVE;
				CLANG_CXX_LANGUAGE_STANDARD = "gnu++20";
				CLANG_ENABLE_MODULES = YES;
				CLANG_ENABLE_OBJC_ARC = YES;
				CLANG_ENABLE_OBJC_WEAK = YES;
				CLANG_WARN_BLOCK_CAPTURE_AUTORELEASING = YES;
				CLANG_WARN_BOOL_CONVERSION = YES;
				CLANG_WARN_COMMA = YES;
				CLANG_WARN_CONSTANT_CONVERSION = YES;
				CLANG_WARN_DEPRECATED_OBJC_IMPLEMENTATIONS = YES;
				CLANG_WARN_DIRECT_OBJC_ISA_USAGE = YES_ERROR;
				CLANG_WARN_DOCUMENTATION_COMMENTS = YES;
				CLANG_WARN_EMPTY_BODY = YES;
				CLANG_WARN_ENUM_CONVERSION = YES;
				CLANG_WARN_INFINITE_RECURSION = YES;
				CLANG_WARN_INT_CONVERSION = YES;
				CLANG_WARN_NON_LITERAL_NULL_CONVERSION = YES;
				CLANG_WARN_OBJC_IMPLICIT_RETAIN_SELF = YES;
				CLANG_WARN_OBJC_LITERAL_CONVERSION = YES;
				CLANG_WARN_OBJC_ROOT_CLASS = YES_ERROR;
				CLANG_WARN_QUOTED_INCLUDE_IN_FRAMEWORK_HEADER = YES;
				CLANG_WARN_RANGE_LOOP_ANALYSIS = YES;
				CLANG_WARN_STRICT_PROTOTYPES = YES;
				CLANG_WARN_SUSPICIOUS_MOVE = YES;
				CLANG_WARN_UNGUARDED_AVAILABILITY = YES_AGGRESSIVE;
				CLANG_WARN_UNREACHABLE_CODE = YES;
				CLANG_WARN__DUPLICATE_METHOD_MATCH = YES;
				COPY_PHASE_STRIP = NO;
				DEBUG_INFORMATION_FORMAT = dwarf;
				ENABLE_STRICT_OBJC_MSGSEND = YES;
				ENABLE_TESTABILITY = YES;
				GCC_C_LANGUAGE_STANDARD = gnu11;
				GCC_DYNAMIC_NO_PIC = NO;
				GCC_NO_COMMON_BLOCKS = YES;
				GCC_OPTIMIZATION_LEVEL = 0;
				GCC_PREPROCESSOR_DEFINITIONS = (
					"DEBUG=1",
					"$(inherited)",
				);
				GCC_WARN_64_TO_32_BIT_CONVERSION = YES;
				GCC_WARN_ABOUT_RETURN_TYPE = YES_ERROR;
				GCC_WARN_UNDECLARED_SELECTOR = YES;
				GCC_WARN_UNINITIALIZED_AUTOS = YES_AGGRESSIVE;
				GCC_WARN_UNUSED_FUNCTION = YES;
				GCC_WARN_UNUSED_VARIABLE = YES;
				IPHONEOS_DEPLOYMENT_TARGET = 16.0;
				MTL_ENABLE_DEBUG_INFO = INCLUDE_SOURCE;
				MTL_FAST_MATH = YES;
				ONLY_ACTIVE_ARCH = YES;
				SDKROOT = iphoneos;
				SWIFT_ACTIVE_COMPILATION_CONDITIONS = DEBUG;
				SWIFT_OPTIMIZATION_LEVEL = "-Onone";
			};
			name = Debug;
		};
		5EF6C8BC2983EB210088DB19 /* Release */ = {
			isa = XCBuildConfiguration;
			buildSettings = {
				ALWAYS_SEARCH_USER_PATHS = NO;
				CLANG_ANALYZER_NONNULL = YES;
				CLANG_ANALYZER_NUMBER_OBJECT_CONVERSION = YES_AGGRESSIVE;
				CLANG_CXX_LANGUAGE_STANDARD = "gnu++20";
				CLANG_ENABLE_MODULES = YES;
				CLANG_ENABLE_OBJC_ARC = YES;
				CLANG_ENABLE_OBJC_WEAK = YES;
				CLANG_WARN_BLOCK_CAPTURE_AUTORELEASING = YES;
				CLANG_WARN_BOOL_CONVERSION = YES;
				CLANG_WARN_COMMA = YES;
				CLANG_WARN_CONSTANT_CONVERSION = YES;
				CLANG_WARN_DEPRECATED_OBJC_IMPLEMENTATIONS = YES;
				CLANG_WARN_DIRECT_OBJC_ISA_USAGE = YES_ERROR;
				CLANG_WARN_DOCUMENTATION_COMMENTS = YES;
				CLANG_WARN_EMPTY_BODY = YES;
				CLANG_WARN_ENUM_CONVERSION = YES;
				CLANG_WARN_INFINITE_RECURSION = YES;
				CLANG_WARN_INT_CONVERSION = YES;
				CLANG_WARN_NON_LITERAL_NULL_CONVERSION = YES;
				CLANG_WARN_OBJC_IMPLICIT_RETAIN_SELF = YES;
				CLANG_WARN_OBJC_LITERAL_CONVERSION = YES;
				CLANG_WARN_OBJC_ROOT_CLASS = YES_ERROR;
				CLANG_WARN_QUOTED_INCLUDE_IN_FRAMEWORK_HEADER = YES;
				CLANG_WARN_RANGE_LOOP_ANALYSIS = YES;
				CLANG_WARN_STRICT_PROTOTYPES = YES;
				CLANG_WARN_SUSPICIOUS_MOVE = YES;
				CLANG_WARN_UNGUARDED_AVAILABILITY = YES_AGGRESSIVE;
				CLANG_WARN_UNREACHABLE_CODE = YES;
				CLANG_WARN__DUPLICATE_METHOD_MATCH = YES;
				COPY_PHASE_STRIP = NO;
				DEBUG_INFORMATION_FORMAT = "dwarf-with-dsym";
				ENABLE_NS_ASSERTIONS = NO;
				ENABLE_STRICT_OBJC_MSGSEND = YES;
				GCC_C_LANGUAGE_STANDARD = gnu11;
				GCC_NO_COMMON_BLOCKS = YES;
				GCC_WARN_64_TO_32_BIT_CONVERSION = YES;
				GCC_WARN_ABOUT_RETURN_TYPE = YES_ERROR;
				GCC_WARN_UNDECLARED_SELECTOR = YES;
				GCC_WARN_UNINITIALIZED_AUTOS = YES_AGGRESSIVE;
				GCC_WARN_UNUSED_FUNCTION = YES;
				GCC_WARN_UNUSED_VARIABLE = YES;
				IPHONEOS_DEPLOYMENT_TARGET = 16.0;
				MTL_ENABLE_DEBUG_INFO = NO;
				MTL_FAST_MATH = YES;
				SDKROOT = iphoneos;
				SWIFT_COMPILATION_MODE = wholemodule;
				SWIFT_OPTIMIZATION_LEVEL = "-O";
				VALIDATE_PRODUCT = YES;
			};
			name = Release;
		};
		5EF6C8BE2983EB210088DB19 /* Debug */ = {
			isa = XCBuildConfiguration;
			buildSettings = {
				ASSETCATALOG_COMPILER_APPICON_NAME = AppIcon;
				ASSETCATALOG_COMPILER_GLOBAL_ACCENT_COLOR_NAME = AccentColor;
				CODE_SIGN_STYLE = Automatic;
				CURRENT_PROJECT_VERSION = 1;
				DEVELOPMENT_ASSET_PATHS = "\"DALL-E-2/Preview Content\"";
				DEVELOPMENT_TEAM = DM9ZJ89CX6;
				ENABLE_PREVIEWS = YES;
				GENERATE_INFOPLIST_FILE = YES;
				INFOPLIST_KEY_LSApplicationCategoryType = "";
				INFOPLIST_KEY_NSPhotoLibraryUsageDescription = "";
				INFOPLIST_KEY_UIApplicationSceneManifest_Generation = YES;
				INFOPLIST_KEY_UIApplicationSupportsIndirectInputEvents = YES;
				INFOPLIST_KEY_UILaunchScreen_Generation = YES;
				INFOPLIST_KEY_UISupportedInterfaceOrientations_iPad = "UIInterfaceOrientationPortrait UIInterfaceOrientationPortraitUpsideDown UIInterfaceOrientationLandscapeLeft UIInterfaceOrientationLandscapeRight";
				INFOPLIST_KEY_UISupportedInterfaceOrientations_iPhone = "UIInterfaceOrientationPortrait UIInterfaceOrientationLandscapeLeft UIInterfaceOrientationLandscapeRight";
				LD_RUNPATH_SEARCH_PATHS = (
					"$(inherited)",
					"@executable_path/Frameworks",
				);
				MARKETING_VERSION = 1.0;
				PRODUCT_BUNDLE_IDENTIFIER = "tech.heycode.DALL-E-2";
				PRODUCT_NAME = "$(TARGET_NAME)";
				SWIFT_EMIT_LOC_STRINGS = YES;
				SWIFT_VERSION = 5.0;
				TARGETED_DEVICE_FAMILY = "1,2";
			};
			name = Debug;
		};
		5EF6C8BF2983EB210088DB19 /* Release */ = {
			isa = XCBuildConfiguration;
			buildSettings = {
				ASSETCATALOG_COMPILER_APPICON_NAME = AppIcon;
				ASSETCATALOG_COMPILER_GLOBAL_ACCENT_COLOR_NAME = AccentColor;
				CODE_SIGN_STYLE = Automatic;
				CURRENT_PROJECT_VERSION = 1;
				DEVELOPMENT_ASSET_PATHS = "\"DALL-E-2/Preview Content\"";
				DEVELOPMENT_TEAM = DM9ZJ89CX6;
				ENABLE_PREVIEWS = YES;
				GENERATE_INFOPLIST_FILE = YES;
				INFOPLIST_KEY_LSApplicationCategoryType = "";
				INFOPLIST_KEY_NSPhotoLibraryUsageDescription = "";
				INFOPLIST_KEY_UIApplicationSceneManifest_Generation = YES;
				INFOPLIST_KEY_UIApplicationSupportsIndirectInputEvents = YES;
				INFOPLIST_KEY_UILaunchScreen_Generation = YES;
				INFOPLIST_KEY_UISupportedInterfaceOrientations_iPad = "UIInterfaceOrientationPortrait UIInterfaceOrientationPortraitUpsideDown UIInterfaceOrientationLandscapeLeft UIInterfaceOrientationLandscapeRight";
				INFOPLIST_KEY_UISupportedInterfaceOrientations_iPhone = "UIInterfaceOrientationPortrait UIInterfaceOrientationLandscapeLeft UIInterfaceOrientationLandscapeRight";
				LD_RUNPATH_SEARCH_PATHS = (
					"$(inherited)",
					"@executable_path/Frameworks",
				);
				MARKETING_VERSION = 1.0;
				PRODUCT_BUNDLE_IDENTIFIER = "tech.heycode.DALL-E-2";
				PRODUCT_NAME = "$(TARGET_NAME)";
				SWIFT_EMIT_LOC_STRINGS = YES;
				SWIFT_VERSION = 5.0;
				TARGETED_DEVICE_FAMILY = "1,2";
			};
			name = Release;
		};
/* End XCBuildConfiguration section */

/* Begin XCConfigurationList section */
		5EF6C8AA2983EB200088DB19 /* Build configuration list for PBXProject "DALL-E-2" */ = {
			isa = XCConfigurationList;
			buildConfigurations = (
				5EF6C8BB2983EB210088DB19 /* Debug */,
				5EF6C8BC2983EB210088DB19 /* Release */,
			);
			defaultConfigurationIsVisible = 0;
			defaultConfigurationName = Release;
		};
		5EF6C8BD2983EB210088DB19 /* Build configuration list for PBXNativeTarget "DALL-E-2" */ = {
			isa = XCConfigurationList;
			buildConfigurations = (
				5EF6C8BE2983EB210088DB19 /* Debug */,
				5EF6C8BF2983EB210088DB19 /* Release */,
			);
			defaultConfigurationIsVisible = 0;
			defaultConfigurationName = Release;
		};
/* End XCConfigurationList section */

/* Begin XCRemoteSwiftPackageReference section */
		5E0BD5A8298635F4001ED42D /* XCRemoteSwiftPackageReference "OpenAIKit" */ = {
			isa = XCRemoteSwiftPackageReference;
			repositoryURL = "https://github.com/marcodotio/OpenAIKit.git";
			requirement = {
				kind = upToNextMajorVersion;
				minimumVersion = 1.0.0;
			};
		};
/* End XCRemoteSwiftPackageReference section */

/* Begin XCSwiftPackageProductDependency section */
		5E0BD5A9298635F4001ED42D /* OpenAIKit */ = {
			isa = XCSwiftPackageProductDependency;
			package = 5E0BD5A8298635F4001ED42D /* XCRemoteSwiftPackageReference "OpenAIKit" */;
			productName = OpenAIKit;
		};
/* End XCSwiftPackageProductDependency section */
	};
	rootObject = 5EF6C8A72983EB200088DB19 /* Project object */;
}
